
Microsoft Visual Studio Solution File, Format Version 12.00
# Visual Studio 15
VisualStudioVersion = 15.0.28010.2041
MinimumVisualStudioVersion = 10.0.40219.1
Project("{FAE04EC0-301F-11D3-BF4B-00C04F79EFBC}") = "PngReader", "PngReader.csproj", "{9EC5998E-B04E-4245-B49B-1024E52A0A53}"
EndProject
Global
	GlobalSection(SolutionConfigurationPlatforms) = preSolution
		Debug|Any CPU = Debug|Any CPU
		Release|Any CPU = Release|Any CPU
	EndGlobalSection
	GlobalSection(ProjectConfigurationPlatforms) = postSolution
		{9EC5998E-B04E-4245-B49B-1024E52A0A53}.Debug|Any CPU.ActiveCfg = Debug|Any CPU
		{9EC5998E-B04E-4245-B49B-1024E52A0A53}.Debug|Any CPU.Build.0 = Debug|Any CPU
		{9EC5998E-B04E-4245-B49B-1024E52A0A53}.Release|Any CPU.ActiveCfg = Release|Any CPU
		{9EC5998E-B04E-4245-B49B-1024E52A0A53}.Release|Any CPU.Build.0 = Release|Any CPU
	EndGlobalSection
	GlobalSection(SolutionProperties) = preSolution
		HideSolutionNode = FALSE
	EndGlobalSection
	GlobalSection(ExtensibilityGlobals) = postSolution
		SolutionGuid = {45A6E3B6-826C-481E-81AD-88CA5C880C0D}
	EndGlobalSection
EndGlobal
